
Microsoft Visual Studio Solution File, Format Version 12.00
# Visual Studio Version 17
VisualStudioVersion = 17.8.34330.188
MinimumVisualStudioVersion = 10.0.40219.1
Project("{FAE04EC0-301F-11D3-BF4B-00C04F79EFBC}") = "Чат", "Чат\Чат.csproj", "{DE99DF96-5DFD-4B0E-B2C5-0AC85BD48585}"
EndProject
Global
	GlobalSection(SolutionConfigurationPlatforms) = preSolution
		Debug|Any CPU = Debug|Any CPU
		Release|Any CPU = Release|Any CPU
	EndGlobalSection
	GlobalSection(ProjectConfigurationPlatforms) = postSolution
		{DE99DF96-5DFD-4B0E-B2C5-0AC85BD48585}.Debug|Any CPU.ActiveCfg = Debug|Any CPU
		{DE99DF96-5DFD-4B0E-B2C5-0AC85BD48585}.Debug|Any CPU.Build.0 = Debug|Any CPU
		{DE99DF96-5DFD-4B0E-B2C5-0AC85BD48585}.Release|Any CPU.ActiveCfg = Release|Any CPU
		{DE99DF96-5DFD-4B0E-B2C5-0AC85BD48585}.Release|Any CPU.Build.0 = Release|Any CPU
	EndGlobalSection
	GlobalSection(SolutionProperties) = preSolution
		HideSolutionNode = FALSE
	EndGlobalSection
	GlobalSection(ExtensibilityGlobals) = postSolution
		SolutionGuid = {3B4812E0-044D-4B1D-952B-EE831C5D1746}
	EndGlobalSection
EndGlobal
